// !$*UTF8*$!
{
	archiveVersion = 1;
	classes = {
	};
	objectVersion = 48;
	objects = {

/* Begin PBXBuildFile section */
		97678C7F20110B4300C75E9F /* main.m in Sources */ = {isa = PBXBuildFile; fileRef = 97678C7E20110B4300C75E9F /* main.m */; };
		97678C8720110BCB00C75E9F /* Doctor.m in Sources */ = {isa = PBXBuildFile; fileRef = 97678C8620110BCB00C75E9F /* Doctor.m */; };
		97678C8A20110BD200C75E9F /* Patient.m in Sources */ = {isa = PBXBuildFile; fileRef = 97678C8920110BD200C75E9F /* Patient.m */; };
		97CF2DC92013E148005F2B49 /* Prescription.m in Sources */ = {isa = PBXBuildFile; fileRef = 97CF2DC82013E148005F2B49 /* Prescription.m */; };
/* End PBXBuildFile section */

/* Begin PBXCopyFilesBuildPhase section */
		97678C7920110B4300C75E9F /* CopyFiles */ = {
			isa = PBXCopyFilesBuildPhase;
			buildActionMask = 2147483647;
			dstPath = /usr/share/man/man1/;
			dstSubfolderSpec = 0;
			files = (
			);
			runOnlyForDeploymentPostprocessing = 1;
		};
/* End PBXCopyFilesBuildPhase section */

/* Begin PBXFileReference section */
		97678C7B20110B4300C75E9F /* Patient & Doctor */ = {isa = PBXFileReference; explicitFileType = "compiled.mach-o.executable"; includeInIndex = 0; path = "Patient & Doctor"; sourceTree = BUILT_PRODUCTS_DIR; };
		97678C7E20110B4300C75E9F /* main.m */ = {isa = PBXFileReference; lastKnownFileType = sourcecode.c.objc; path = main.m; sourceTree = "<group>"; };
		97678C8520110BCB00C75E9F /* Doctor.h */ = {isa = PBXFileReference; lastKnownFileType = sourcecode.c.h; path = Doctor.h; sourceTree = "<group>"; };
		97678C8620110BCB00C75E9F /* Doctor.m */ = {isa = PBXFileReference; lastKnownFileType = sourcecode.c.objc; path = Doctor.m; sourceTree = "<group>"; };
		97678C8820110BD200C75E9F /* Patient.h */ = {isa = PBXFileReference; lastKnownFileType = sourcecode.c.h; path = Patient.h; sourceTree = "<group>"; };
		97678C8920110BD200C75E9F /* Patient.m */ = {isa = PBXFileReference; lastKnownFileType = sourcecode.c.objc; path = Patient.m; sourceTree = "<group>"; };
		97CF2DC72013E148005F2B49 /* Prescription.h */ = {isa = PBXFileReference; lastKnownFileType = sourcecode.c.h; path = Prescription.h; sourceTree = "<group>"; };
		97CF2DC82013E148005F2B49 /* Prescription.m */ = {isa = PBXFileReference; lastKnownFileType = sourcecode.c.objc; path = Prescription.m; sourceTree = "<group>"; };
/* End PBXFileReference section */

/* Begin PBXFrameworksBuildPhase section */
		97678C7820110B4300C75E9F /* Frameworks */ = {
			isa = PBXFrameworksBuildPhase;
			buildActionMask = 2147483647;
			files = (
			);
			runOnlyForDeploymentPostprocessing = 0;
		};
/* End PBXFrameworksBuildPhase section */

/* Begin PBXGroup section */
		97678C7220110B4300C75E9F = {
			isa = PBXGroup;
			children = (
				97678C7D20110B4300C75E9F /* Patient & Doctor */,
				97678C7C20110B4300C75E9F /* Products */,
			);
			sourceTree = "<group>";
		};
		97678C7C20110B4300C75E9F /* Products */ = {
			isa = PBXGroup;
			children = (
				97678C7B20110B4300C75E9F /* Patient & Doctor */,
			);
			name = Products;
			sourceTree = "<group>";
		};
		97678C7D20110B4300C75E9F /* Patient & Doctor */ = {
			isa = PBXGroup;
			children = (
				97678C7E20110B4300C75E9F /* main.m */,
				97678C8520110BCB00C75E9F /* Doctor.h */,
				97678C8620110BCB00C75E9F /* Doctor.m */,
				97CF2DC72013E148005F2B49 /* Prescription.h */,
				97CF2DC82013E148005F2B49 /* Prescription.m */,
				97678C8820110BD200C75E9F /* Patient.h */,
				97678C8920110BD200C75E9F /* Patient.m */,
			);
			path = "Patient & Doctor";
			sourceTree = "<group>";
		};
/* End PBXGroup section */

/* Begin PBXNativeTarget section */
		97678C7A20110B4300C75E9F /* Patient & Doctor */ = {
			isa = PBXNativeTarget;
			buildConfigurationList = 97678C8220110B4300C75E9F /* Build configuration list for PBXNativeTarget "Patient & Doctor" */;
			buildPhases = (
				97678C7720110B4300C75E9F /* Sources */,
				97678C7820110B4300C75E9F /* Frameworks */,
				97678C7920110B4300C75E9F /* CopyFiles */,
			);
			buildRules = (
			);
			dependencies = (
			);
			name = "Patient & Doctor";
			productName = "Patient & Doctor";
			productReference = 97678C7B20110B4300C75E9F /* Patient & Doctor */;
			productType = "com.apple.product-type.tool";
		};
/* End PBXNativeTarget section */

/* Begin PBXProject section */
		97678C7320110B4300C75E9F /* Project object */ = {
			isa = PBXProject;
			attributes = {
				LastUpgradeCheck = 0920;
				ORGANIZATIONNAME = "Aaron Chong";
				TargetAttributes = {
					97678C7A20110B4300C75E9F = {
						CreatedOnToolsVersion = 9.2;
						ProvisioningStyle = Automatic;
					};
				};
			};
			buildConfigurationList = 97678C7620110B4300C75E9F /* Build configuration list for PBXProject "Patient & Doctor" */;
			compatibilityVersion = "Xcode 8.0";
			developmentRegion = en;
			hasScannedForEncodings = 0;
			knownRegions = (
				en,
			);
			mainGroup = 97678C7220110B4300C75E9F;
			productRefGroup = 97678C7C20110B4300C75E9F /* Products */;
			projectDirPath = "";
			projectRoot = "";
			targets = (
				97678C7A20110B4300C75E9F /* Patient & Doctor */,
			);
		};
/* End PBXProject section */

/* Begin PBXSourcesBuildPhase section */
		97678C7720110B4300C75E9F /* Sources */ = {
			isa = PBXSourcesBuildPhase;
			buildActionMask = 2147483647;
			files = (
				97678C8A20110BD200C75E9F /* Patient.m in Sources */,
				97678C8720110BCB00C75E9F /* Doctor.m in Sources */,
				97678C7F20110B4300C75E9F /* main.m in Sources */,
				97CF2DC92013E148005F2B49 /* Prescription.m in Sources */,
			);
			runOnlyForDeploymentPostprocessing = 0;
		};
/* End PBXSourcesBuildPhase section */

/* Begin XCBuildConfiguration section */
		97678C8020110B4300C75E9F /* Debug */ = {
			isa = XCBuildConfiguration;
			buildSettings = {
				ALWAYS_SEARCH_USER_PATHS = NO;
				CLANG_ANALYZER_NONNULL = YES;
				CLANG_ANALYZER_NUMBER_OBJECT_CONVERSION = YES_AGGRESSIVE;
				CLANG_CXX_LANGUAGE_STANDARD = "gnu++14";
				CLANG_CXX_LIBRARY = "libc++";
				CLANG_ENABLE_MODULES = YES;
				CLANG_ENABLE_OBJC_ARC = YES;
				CLANG_WARN_BLOCK_CAPTURE_AUTORELEASING = YES;
				CLANG_WARN_BOOL_CONVERSION = YES;
				CLANG_WARN_COMMA = YES;
				CLANG_WARN_CONSTANT_CONVERSION = YES;
				CLANG_WARN_DIRECT_OBJC_ISA_USAGE = YES_ERROR;
				CLANG_WARN_DOCUMENTATION_COMMENTS = YES;
				CLANG_WARN_EMPTY_BODY = YES;
				CLANG_WARN_ENUM_CONVERSION = YES;
				CLANG_WARN_INFINITE_RECURSION = YES;
				CLANG_WARN_INT_CONVERSION = YES;
				CLANG_WARN_NON_LITERAL_NULL_CONVERSION = YES;
				CLANG_WARN_OBJC_LITERAL_CONVERSION = YES;
				CLANG_WARN_OBJC_ROOT_CLASS = YES_ERROR;
				CLANG_WARN_RANGE_LOOP_ANALYSIS = YES;
				CLANG_WARN_STRICT_PROTOTYPES = YES;
				CLANG_WARN_SUSPICIOUS_MOVE = YES;
				CLANG_WARN_UNGUARDED_AVAILABILITY = YES_AGGRESSIVE;
				CLANG_WARN_UNREACHABLE_CODE = YES;
				CLANG_WARN__DUPLICATE_METHOD_MATCH = YES;
				CODE_SIGN_IDENTITY = "-";
				COPY_PHASE_STRIP = NO;
				DEBUG_INFORMATION_FORMAT = dwarf;
				ENABLE_STRICT_OBJC_MSGSEND = YES;
				ENABLE_TESTABILITY = YES;
				GCC_C_LANGUAGE_STANDARD = gnu11;
				GCC_DYNAMIC_NO_PIC = NO;
				GCC_NO_COMMON_BLOCKS = YES;
				GCC_OPTIMIZATION_LEVEL = 0;
				GCC_PREPROCESSOR_DEFINITIONS = (
					"DEBUG=1",
					"$(inherited)",
				);
				GCC_WARN_64_TO_32_BIT_CONVERSION = YES;
				GCC_WARN_ABOUT_RETURN_TYPE = YES_ERROR;
				GCC_WARN_UNDECLARED_SELECTOR = YES;
				GCC_WARN_UNINITIALIZED_AUTOS = YES_AGGRESSIVE;
				GCC_WARN_UNUSED_FUNCTION = YES;
				GCC_WARN_UNUSED_VARIABLE = YES;
				MACOSX_DEPLOYMENT_TARGET = 10.13;
				MTL_ENABLE_DEBUG_INFO = YES;
				ONLY_ACTIVE_ARCH = YES;
				SDKROOT = macosx;
			};
			name = Debug;
		};
		97678C8120110B4300C75E9F /* Release */ = {
			isa = XCBuildConfiguration;
			buildSettings = {
				ALWAYS_SEARCH_USER_PATHS = NO;
				CLANG_ANALYZER_NONNULL = YES;
				CLANG_ANALYZER_NUMBER_OBJECT_CONVERSION = YES_AGGRESSIVE;
				CLANG_CXX_LANGUAGE_STANDARD = "gnu++14";
				CLANG_CXX_LIBRARY = "libc++";
				CLANG_ENABLE_MODULES = YES;
				CLANG_ENABLE_OBJC_ARC = YES;
				CLANG_WARN_BLOCK_CAPTURE_AUTORELEASING = YES;
				CLANG_WARN_BOOL_CONVERSION = YES;
				CLANG_WARN_COMMA = YES;
				CLANG_WARN_CONSTANT_CONVERSION = YES;
				CLANG_WARN_DIRECT_OBJC_ISA_USAGE = YES_ERROR;
				CLANG_WARN_DOCUMENTATION_COMMENTS = YES;
				CLANG_WARN_EMPTY_BODY = YES;
				CLANG_WARN_ENUM_CONVERSION = YES;
				CLANG_WARN_INFINITE_RECURSION = YES;
				CLANG_WARN_INT_CONVERSION = YES;
				CLANG_WARN_NON_LITERAL_NULL_CONVERSION = YES;
				CLANG_WARN_OBJC_LITERAL_CONVERSION = YES;
				CLANG_WARN_OBJC_ROOT_CLASS = YES_ERROR;
				CLANG_WARN_RANGE_LOOP_ANALYSIS = YES;
				CLANG_WARN_STRICT_PROTOTYPES = YES;
				CLANG_WARN_SUSPICIOUS_MOVE = YES;
				CLANG_WARN_UNGUARDED_AVAILABILITY = YES_AGGRESSIVE;
				CLANG_WARN_UNREACHABLE_CODE = YES;
				CLANG_WARN__DUPLICATE_METHOD_MATCH = YES;
				CODE_SIGN_IDENTITY = "-";
				COPY_PHASE_STRIP = NO;
				DEBUG_INFORMATION_FORMAT = "dwarf-with-dsym";
				ENABLE_NS_ASSERTIONS = NO;
				ENABLE_STRICT_OBJC_MSGSEND = YES;
				GCC_C_LANGUAGE_STANDARD = gnu11;
				GCC_NO_COMMON_BLOCKS = YES;
				GCC_WARN_64_TO_32_BIT_CONVERSION = YES;
				GCC_WARN_ABOUT_RETURN_TYPE = YES_ERROR;
				GCC_WARN_UNDECLARED_SELECTOR = YES;
				GCC_WARN_UNINITIALIZED_AUTOS = YES_AGGRESSIVE;
				GCC_WARN_UNUSED_FUNCTION = YES;
				GCC_WARN_UNUSED_VARIABLE = YES;
				MACOSX_DEPLOYMENT_TARGET = 10.13;
				MTL_ENABLE_DEBUG_INFO = NO;
				SDKROOT = macosx;
			};
			name = Release;
		};
		97678C8320110B4300C75E9F /* Debug */ = {
			isa = XCBuildConfiguration;
			buildSettings = {
				CODE_SIGN_STYLE = Automatic;
				PRODUCT_NAME = "$(TARGET_NAME)";
			};
			name = Debug;
		};
		97678C8420110B4300C75E9F /* Release */ = {
			isa = XCBuildConfiguration;
			buildSettings = {
				CODE_SIGN_STYLE = Automatic;
				PRODUCT_NAME = "$(TARGET_NAME)";
			};
			name = Release;
		};
/* End XCBuildConfiguration section */

/* Begin XCConfigurationList section */
		97678C7620110B4300C75E9F /* Build configuration list for PBXProject "Patient & Doctor" */ = {
			isa = XCConfigurationList;
			buildConfigurations = (
				97678C8020110B4300C75E9F /* Debug */,
				97678C8120110B4300C75E9F /* Release */,
			);
			defaultConfigurationIsVisible = 0;
			defaultConfigurationName = Release;
		};
		97678C8220110B4300C75E9F /* Build configuration list for PBXNativeTarget "Patient & Doctor" */ = {
			isa = XCConfigurationList;
			buildConfigurations = (
				97678C8320110B4300C75E9F /* Debug */,
				97678C8420110B4300C75E9F /* Release */,
			);
			defaultConfigurationIsVisible = 0;
			defaultConfigurationName = Release;
		};
/* End XCConfigurationList section */
	};
	rootObject = 97678C7320110B4300C75E9F /* Project object */;
}
